
Microsoft Visual Studio Solution File, Format Version 12.00
# Visual Studio 2013
VisualStudioVersion = 12.0.21005.1
MinimumVisualStudioVersion = 10.0.40219.1
Project("{FAE04EC0-301F-11D3-BF4B-00C04F79EFBC}") = "FizzBuzz", "FizzBuzz\FizzBuzz.csproj", "{D2331477-67EF-4657-8B09-56FD87F98D53}"
EndProject
Project("{FAE04EC0-301F-11D3-BF4B-00C04F79EFBC}") = "FizzBuzz.Test", "FizzBuzz.Test\FizzBuzz.Test.csproj", "{8893F958-FF21-4B77-B586-885A905E5488}"
EndProject
Global
	GlobalSection(SolutionConfigurationPlatforms) = preSolution
		Debug|Any CPU = Debug|Any CPU
		Release|Any CPU = Release|Any CPU
	EndGlobalSection
	GlobalSection(ProjectConfigurationPlatforms) = postSolution
		{D2331477-67EF-4657-8B09-56FD87F98D53}.Debug|Any CPU.ActiveCfg = Debug|Any CPU
		{D2331477-67EF-4657-8B09-56FD87F98D53}.Debug|Any CPU.Build.0 = Debug|Any CPU
		{D2331477-67EF-4657-8B09-56FD87F98D53}.Release|Any CPU.ActiveCfg = Release|Any CPU
		{D2331477-67EF-4657-8B09-56FD87F98D53}.Release|Any CPU.Build.0 = Release|Any CPU
		{8893F958-FF21-4B77-B586-885A905E5488}.Debug|Any CPU.ActiveCfg = Debug|Any CPU
		{8893F958-FF21-4B77-B586-885A905E5488}.Debug|Any CPU.Build.0 = Debug|Any CPU
		{8893F958-FF21-4B77-B586-885A905E5488}.Release|Any CPU.ActiveCfg = Release|Any CPU
		{8893F958-FF21-4B77-B586-885A905E5488}.Release|Any CPU.Build.0 = Release|Any CPU
	EndGlobalSection
	GlobalSection(SolutionProperties) = preSolution
		HideSolutionNode = FALSE
	EndGlobalSection
EndGlobal
